
Microsoft Visual Studio Solution File, Format Version 12.00
# Visual Studio Version 17
VisualStudioVersion = 17.1.32210.238
MinimumVisualStudioVersion = 10.0.40219.1
Project("{FAE04EC0-301F-11D3-BF4B-00C04F79EFBC}") = "MySpendings.Web", "MySpendings.Web\MySpendings.Web.csproj", "{C800AD40-C8B5-47A3-BAAA-66B3AF9AEE40}"
EndProject
Project("{FAE04EC0-301F-11D3-BF4B-00C04F79EFBC}") = "MySpendings.Models", "MySpendings.Models\MySpendings.Models.csproj", "{8D5F5C8A-9399-4067-81F4-21FAB452B8F8}"
EndProject
Project("{FAE04EC0-301F-11D3-BF4B-00C04F79EFBC}") = "MySpendings.DataAccess", "MySpendings.DataAccess\MySpendings.DataAccess.csproj", "{AD7CADE6-DC42-4CD3-AA6C-1012C2CA3038}"
EndProject
Global
	GlobalSection(SolutionConfigurationPlatforms) = preSolution
		Debug|Any CPU = Debug|Any CPU
		Release|Any CPU = Release|Any CPU
	EndGlobalSection
	GlobalSection(ProjectConfigurationPlatforms) = postSolution
		{C800AD40-C8B5-47A3-BAAA-66B3AF9AEE40}.Debug|Any CPU.ActiveCfg = Debug|Any CPU
		{C800AD40-C8B5-47A3-BAAA-66B3AF9AEE40}.Debug|Any CPU.Build.0 = Debug|Any CPU
		{C800AD40-C8B5-47A3-BAAA-66B3AF9AEE40}.Release|Any CPU.ActiveCfg = Release|Any CPU
		{C800AD40-C8B5-47A3-BAAA-66B3AF9AEE40}.Release|Any CPU.Build.0 = Release|Any CPU
		{8D5F5C8A-9399-4067-81F4-21FAB452B8F8}.Debug|Any CPU.ActiveCfg = Debug|Any CPU
		{8D5F5C8A-9399-4067-81F4-21FAB452B8F8}.Debug|Any CPU.Build.0 = Debug|Any CPU
		{8D5F5C8A-9399-4067-81F4-21FAB452B8F8}.Release|Any CPU.ActiveCfg = Release|Any CPU
		{8D5F5C8A-9399-4067-81F4-21FAB452B8F8}.Release|Any CPU.Build.0 = Release|Any CPU
		{AD7CADE6-DC42-4CD3-AA6C-1012C2CA3038}.Debug|Any CPU.ActiveCfg = Debug|Any CPU
		{AD7CADE6-DC42-4CD3-AA6C-1012C2CA3038}.Debug|Any CPU.Build.0 = Debug|Any CPU
		{AD7CADE6-DC42-4CD3-AA6C-1012C2CA3038}.Release|Any CPU.ActiveCfg = Release|Any CPU
		{AD7CADE6-DC42-4CD3-AA6C-1012C2CA3038}.Release|Any CPU.Build.0 = Release|Any CPU
	EndGlobalSection
	GlobalSection(SolutionProperties) = preSolution
		HideSolutionNode = FALSE
	EndGlobalSection
	GlobalSection(ExtensibilityGlobals) = postSolution
		SolutionGuid = {38C1AEC1-B1F8-4BB9-9BD6-DCF795893549}
	EndGlobalSection
EndGlobal
